{
    "name": "redom-app",
    "version": "1.0.0",
    "lockfileVersion": 1,
    "requires": true,
    "dependencies": {
        "redom": {
            "version": "3.26.0",
            "resolved": "https://registry.npmjs.org/redom/-/redom-3.26.0.tgz",
            "integrity": "sha512-rAo03O4VnzUJfTGeku9CvDw5Avi5Mx7oe07CnK4I8VvijVF2om7pIO5jvfaCGiHfFQtIQAsNPWv5ce8LLnEOXw=="
        }
    }
}
